Microsoft Visual Studio Solution File, Format Version 11.00
# Visual Studio 2008

Project("{6FACDEE9-FE3C-1686-0CE0-1DBAFF40180C}") = "GhostHunters", "Assembly-CSharp.csproj", "{1E9FE2F3-AF2C-8453-50DE-6A99B3AD266F}"
EndProject
Project("{6FACDEE9-FE3C-1686-0CE0-1DBAFF40180C}") = "GhostHunters", "Assembly-CSharp-Editor.csproj", "{5047266D-F137-D208-A2A0-F76CDEA6CD70}"
EndProject
Global
	GlobalSection(SolutionConfigurationPlatforms) = preSolution
		Debug|Any CPU = Debug|Any CPU
		Release|Any CPU = Release|Any CPU
	EndGlobalSection
	GlobalSection(ProjectConfigurationPlatforms) = postSolution
		{1E9FE2F3-AF2C-8453-50DE-6A99B3AD266F}.Debug|Any CPU.ActiveCfg = Debug|Any CPU
		{1E9FE2F3-AF2C-8453-50DE-6A99B3AD266F}.Debug|Any CPU.Build.0 = Debug|Any CPU
		{1E9FE2F3-AF2C-8453-50DE-6A99B3AD266F}.Release|Any CPU.ActiveCfg = Release|Any CPU
		{1E9FE2F3-AF2C-8453-50DE-6A99B3AD266F}.Release|Any CPU.Build.0 = Release|Any CPU
		{5047266D-F137-D208-A2A0-F76CDEA6CD70}.Debug|Any CPU.ActiveCfg = Debug|Any CPU
		{5047266D-F137-D208-A2A0-F76CDEA6CD70}.Debug|Any CPU.Build.0 = Debug|Any CPU
		{5047266D-F137-D208-A2A0-F76CDEA6CD70}.Release|Any CPU.ActiveCfg = Release|Any CPU
		{5047266D-F137-D208-A2A0-F76CDEA6CD70}.Release|Any CPU.Build.0 = Release|Any CPU
	EndGlobalSection
	GlobalSection(SolutionProperties) = preSolution
		HideSolutionNode = FALSE
	EndGlobalSection
															GlobalSection(MonoDevelopProperties) = preSolution
		StartupItem = Assembly-CSharp.csproj
		Policies = $0
		$0.TextStylePolicy = $1
		$1.inheritsSet = null
		$1.scope = text/x-csharp
		$0.CSharpFormattingPolicy = $2
		$2.inheritsSet = Mono
		$2.inheritsScope = text/x-csharp
		$2.scope = text/x-csharp
		$0.TextStylePolicy = $3
		$3.FileWidth = 120
		$3.TabWidth = 4
		$3.EolMarker = Unix
		$3.inheritsSet = Mono
		$3.inheritsScope = text/plain
		$3.scope = text/plain
	EndGlobalSection

EndGlobal
